// !$*UTF8*$!
{
	archiveVersion = 1;
	classes = {
	};
	objectVersion = 46;
	objects = {

/* Begin PBXBuildFile section */
		4FC0EA69FED07393B15E4CFA /* Pods_MapImplementation.framework in Frameworks */ = {isa = PBXBuildFile; fileRef = C7DAE7E50368285735ACB0F1 /* Pods_MapImplementation.framework */; };
		EB719B701F71655400C38B9E /* DroppablePin.swift in Sources */ = {isa = PBXBuildFile; fileRef = EB719B6F1F71655400C38B9E /* DroppablePin.swift */; };
		EB719B731F71715200C38B9E /* Constant.swift in Sources */ = {isa = PBXBuildFile; fileRef = EB719B721F71715200C38B9E /* Constant.swift */; };
		EB719B771F71A41300C38B9E /* PopVC.swift in Sources */ = {isa = PBXBuildFile; fileRef = EB719B761F71A41300C38B9E /* PopVC.swift */; };
		EB719B791F71BD8200C38B9E /* 3DForceTouchToPreviewPhoto.swift in Sources */ = {isa = PBXBuildFile; fileRef = EB719B781F71BD8200C38B9E /* 3DForceTouchToPreviewPhoto.swift */; };
		EB719B7B1F71BDCE00C38B9E /* CollectionViewToDisplayPhoto.swift in Sources */ = {isa = PBXBuildFile; fileRef = EB719B7A1F71BDCE00C38B9E /* CollectionViewToDisplayPhoto.swift */; };
		EB719B7D1F71BE8A00C38B9E /* LocationServiceAuthorizationAndCenterMap.swift in Sources */ = {isa = PBXBuildFile; fileRef = EB719B7C1F71BE8A00C38B9E /* LocationServiceAuthorizationAndCenterMap.swift */; };
		EB719B7F1F71BF0500C38B9E /* HandleDisplayAndDataOfMapView.swift in Sources */ = {isa = PBXBuildFile; fileRef = EB719B7E1F71BF0500C38B9E /* HandleDisplayAndDataOfMapView.swift */; };
		EB85AD631F7122C2002958CF /* AppDelegate.swift in Sources */ = {isa = PBXBuildFile; fileRef = EB85AD621F7122C2002958CF /* AppDelegate.swift */; };
		EB85AD651F7122C2002958CF /* MapVC.swift in Sources */ = {isa = PBXBuildFile; fileRef = EB85AD641F7122C2002958CF /* MapVC.swift */; };
		EB85AD681F7122C2002958CF /* Main.storyboard in Resources */ = {isa = PBXBuildFile; fileRef = EB85AD661F7122C2002958CF /* Main.storyboard */; };
		EB85AD6A1F7122C2002958CF /* Assets.xcassets in Resources */ = {isa = PBXBuildFile; fileRef = EB85AD691F7122C2002958CF /* Assets.xcassets */; };
		EB85AD6D1F7122C2002958CF /* LaunchScreen.storyboard in Resources */ = {isa = PBXBuildFile; fileRef = EB85AD6B1F7122C2002958CF /* LaunchScreen.storyboard */; };
/* End PBXBuildFile section */

/* Begin PBXFileReference section */
		9801DACFA2F38EBAF432F266 /* Pods-MapImplementation.debug.xcconfig */ = {isa = PBXFileReference; includeInIndex = 1; lastKnownFileType = text.xcconfig; name = "Pods-MapImplementation.debug.xcconfig"; path = "Pods/Target Support Files/Pods-MapImplementation/Pods-MapImplementation.debug.xcconfig"; sourceTree = "<group>"; };
		BCC8F3B259FD0D8A35603C2B /* Pods-MapImplementation.release.xcconfig */ = {isa = PBXFileReference; includeInIndex = 1; lastKnownFileType = text.xcconfig; name = "Pods-MapImplementation.release.xcconfig"; path = "Pods/Target Support Files/Pods-MapImplementation/Pods-MapImplementation.release.xcconfig"; sourceTree = "<group>"; };
		C7DAE7E50368285735ACB0F1 /* Pods_MapImplementation.framework */ = {isa = PBXFileReference; explicitFileType = wrapper.framework; includeInIndex = 0; path = Pods_MapImplementation.framework; sourceTree = BUILT_PRODUCTS_DIR; };
		EB719B6F1F71655400C38B9E /* DroppablePin.swift */ = {isa = PBXFileReference; fileEncoding = 4; lastKnownFileType = sourcecode.swift; name = DroppablePin.swift; path = View/DroppablePin.swift; sourceTree = "<group>"; };
		EB719B721F71715200C38B9E /* Constant.swift */ = {isa = PBXFileReference; fileEncoding = 4; lastKnownFileType = sourcecode.swift; name = Constant.swift; path = Utilities/Constant.swift; sourceTree = "<group>"; };
		EB719B761F71A41300C38B9E /* PopVC.swift */ = {isa = PBXFileReference; fileEncoding = 4; lastKnownFileType = sourcecode.swift; name = PopVC.swift; path = Controller/PopVC.swift; sourceTree = "<group>"; };
		EB719B781F71BD8200C38B9E /* 3DForceTouchToPreviewPhoto.swift */ = {isa = PBXFileReference; fileEncoding = 4; lastKnownFileType = sourcecode.swift; name = 3DForceTouchToPreviewPhoto.swift; path = Extensions/3DForceTouchToPreviewPhoto.swift; sourceTree = "<group>"; };
		EB719B7A1F71BDCE00C38B9E /* CollectionViewToDisplayPhoto.swift */ = {isa = PBXFileReference; fileEncoding = 4; lastKnownFileType = sourcecode.swift; name = CollectionViewToDisplayPhoto.swift; path = Extensions/CollectionViewToDisplayPhoto.swift; sourceTree = "<group>"; };
		EB719B7C1F71BE8A00C38B9E /* LocationServiceAuthorizationAndCenterMap.swift */ = {isa = PBXFileReference; fileEncoding = 4; lastKnownFileType = sourcecode.swift; name = LocationServiceAuthorizationAndCenterMap.swift; path = Extensions/LocationServiceAuthorizationAndCenterMap.swift; sourceTree = "<group>"; };
		EB719B7E1F71BF0500C38B9E /* HandleDisplayAndDataOfMapView.swift */ = {isa = PBXFileReference; fileEncoding = 4; lastKnownFileType = sourcecode.swift; name = HandleDisplayAndDataOfMapView.swift; path = Extensions/HandleDisplayAndDataOfMapView.swift; sourceTree = "<group>"; };
		EB85AD5F1F7122C2002958CF /* MapImplementation.app */ = {isa = PBXFileReference; explicitFileType = wrapper.application; includeInIndex = 0; path = MapImplementation.app; sourceTree = BUILT_PRODUCTS_DIR; };
		EB85AD621F7122C2002958CF /* AppDelegate.swift */ = {isa = PBXFileReference; lastKnownFileType = sourcecode.swift; path = AppDelegate.swift; sourceTree = "<group>"; };
		EB85AD641F7122C2002958CF /* MapVC.swift */ = {isa = PBXFileReference; lastKnownFileType = sourcecode.swift; name = MapVC.swift; path = Controller/MapVC.swift; sourceTree = "<group>"; };
		EB85AD671F7122C2002958CF /* Base */ = {isa = PBXFileReference; lastKnownFileType = file.storyboard; name = Base; path = Base.lproj/Main.storyboard; sourceTree = "<group>"; };
		EB85AD691F7122C2002958CF /* Assets.xcassets */ = {isa = PBXFileReference; lastKnownFileType = folder.assetcatalog; path = Assets.xcassets; sourceTree = "<group>"; };
		EB85AD6C1F7122C2002958CF /* Base */ = {isa = PBXFileReference; lastKnownFileType = file.storyboard; name = Base; path = Base.lproj/LaunchScreen.storyboard; sourceTree = "<group>"; };
		EB85AD6E1F7122C2002958CF /* Info.plist */ = {isa = PBXFileReference; lastKnownFileType = text.plist.xml; path = Info.plist; sourceTree = "<group>"; };
/* End PBXFileReference section */

/* Begin PBXFrameworksBuildPhase section */
		EB85AD5C1F7122C2002958CF /* Frameworks */ = {
			isa = PBXFrameworksBuildPhase;
			buildActionMask = 2147483647;
			files = (
				4FC0EA69FED07393B15E4CFA /* Pods_MapImplementation.framework in Frameworks */,
			);
			runOnlyForDeploymentPostprocessing = 0;
		};
/* End PBXFrameworksBuildPhase section */

/* Begin PBXGroup section */
		76933284B09E677203D49C00 /* Pods */ = {
			isa = PBXGroup;
			children = (
				9801DACFA2F38EBAF432F266 /* Pods-MapImplementation.debug.xcconfig */,
				BCC8F3B259FD0D8A35603C2B /* Pods-MapImplementation.release.xcconfig */,
			);
			name = Pods;
			sourceTree = "<group>";
		};
		A64947D538B68BED6FCC12B4 /* Frameworks */ = {
			isa = PBXGroup;
			children = (
				C7DAE7E50368285735ACB0F1 /* Pods_MapImplementation.framework */,
			);
			name = Frameworks;
			sourceTree = "<group>";
		};
		EB85AD561F7122C1002958CF = {
			isa = PBXGroup;
			children = (
				EB85AD611F7122C2002958CF /* MapImplementation */,
				EB85AD601F7122C2002958CF /* Products */,
				76933284B09E677203D49C00 /* Pods */,
				A64947D538B68BED6FCC12B4 /* Frameworks */,
			);
			sourceTree = "<group>";
		};
		EB85AD601F7122C2002958CF /* Products */ = {
			isa = PBXGroup;
			children = (
				EB85AD5F1F7122C2002958CF /* MapImplementation.app */,
			);
			name = Products;
			sourceTree = "<group>";
		};
		EB85AD611F7122C2002958CF /* MapImplementation */ = {
			isa = PBXGroup;
			children = (
				EB85AD771F714C61002958CF /* Extensions */,
				EB85AD761F714000002958CF /* Utilities */,
				EB85AD751F713FF8002958CF /* View */,
				EB85AD741F713FEF002958CF /* Controller */,
				EB85AD621F7122C2002958CF /* AppDelegate.swift */,
				EB85AD661F7122C2002958CF /* Main.storyboard */,
				EB85AD691F7122C2002958CF /* Assets.xcassets */,
				EB85AD6B1F7122C2002958CF /* LaunchScreen.storyboard */,
				EB85AD6E1F7122C2002958CF /* Info.plist */,
			);
			path = MapImplementation;
			sourceTree = "<group>";
		};
		EB85AD741F713FEF002958CF /* Controller */ = {
			isa = PBXGroup;
			children = (
				EB85AD641F7122C2002958CF /* MapVC.swift */,
				EB719B761F71A41300C38B9E /* PopVC.swift */,
			);
			name = Controller;
			sourceTree = "<group>";
		};
		EB85AD751F713FF8002958CF /* View */ = {
			isa = PBXGroup;
			children = (
				EB719B6F1F71655400C38B9E /* DroppablePin.swift */,
			);
			name = View;
			sourceTree = "<group>";
		};
		EB85AD761F714000002958CF /* Utilities */ = {
			isa = PBXGroup;
			children = (
				EB719B721F71715200C38B9E /* Constant.swift */,
			);
			name = Utilities;
			sourceTree = "<group>";
		};
		EB85AD771F714C61002958CF /* Extensions */ = {
			isa = PBXGroup;
			children = (
				EB719B781F71BD8200C38B9E /* 3DForceTouchToPreviewPhoto.swift */,
				EB719B7A1F71BDCE00C38B9E /* CollectionViewToDisplayPhoto.swift */,
				EB719B7C1F71BE8A00C38B9E /* LocationServiceAuthorizationAndCenterMap.swift */,
				EB719B7E1F71BF0500C38B9E /* HandleDisplayAndDataOfMapView.swift */,
			);
			name = Extensions;
			sourceTree = "<group>";
		};
/* End PBXGroup section */

/* Begin PBXNativeTarget section */
		EB85AD5E1F7122C2002958CF /* MapImplementation */ = {
			isa = PBXNativeTarget;
			buildConfigurationList = EB85AD711F7122C2002958CF /* Build configuration list for PBXNativeTarget "MapImplementation" */;
			buildPhases = (
				930A50D26AC3FB4C2666F1DD /* [CP] Check Pods Manifest.lock */,
				EB85AD5B1F7122C2002958CF /* Sources */,
				EB85AD5C1F7122C2002958CF /* Frameworks */,
				EB85AD5D1F7122C2002958CF /* Resources */,
				3D83B067A83F0E427DCB3F15 /* [CP] Embed Pods Frameworks */,
				E5DB1712C26A11B517E017D9 /* [CP] Copy Pods Resources */,
			);
			buildRules = (
			);
			dependencies = (
			);
			name = MapImplementation;
			productName = MapImplementation;
			productReference = EB85AD5F1F7122C2002958CF /* MapImplementation.app */;
			productType = "com.apple.product-type.application";
		};
/* End PBXNativeTarget section */

/* Begin PBXProject section */
		EB85AD571F7122C1002958CF /* Project object */ = {
			isa = PBXProject;
			attributes = {
				LastSwiftUpdateCheck = 0830;
				LastUpgradeCheck = 0830;
				ORGANIZATIONNAME = "Staham Nguyen";
				TargetAttributes = {
					EB85AD5E1F7122C2002958CF = {
						CreatedOnToolsVersion = 8.3.3;
						ProvisioningStyle = Automatic;
					};
				};
			};
			buildConfigurationList = EB85AD5A1F7122C1002958CF /* Build configuration list for PBXProject "MapImplementation" */;
			compatibilityVersion = "Xcode 3.2";
			developmentRegion = English;
			hasScannedForEncodings = 0;
			knownRegions = (
				en,
				Base,
			);
			mainGroup = EB85AD561F7122C1002958CF;
			productRefGroup = EB85AD601F7122C2002958CF /* Products */;
			projectDirPath = "";
			projectRoot = "";
			targets = (
				EB85AD5E1F7122C2002958CF /* MapImplementation */,
			);
		};
/* End PBXProject section */

/* Begin PBXResourcesBuildPhase section */
		EB85AD5D1F7122C2002958CF /* Resources */ = {
			isa = PBXResourcesBuildPhase;
			buildActionMask = 2147483647;
			files = (
				EB85AD6D1F7122C2002958CF /* LaunchScreen.storyboard in Resources */,
				EB85AD6A1F7122C2002958CF /* Assets.xcassets in Resources */,
				EB85AD681F7122C2002958CF /* Main.storyboard in Resources */,
			);
			runOnlyForDeploymentPostprocessing = 0;
		};
/* End PBXResourcesBuildPhase section */

/* Begin PBXShellScriptBuildPhase section */
		3D83B067A83F0E427DCB3F15 /* [CP] Embed Pods Frameworks */ = {
			isa = PBXShellScriptBuildPhase;
			buildActionMask = 2147483647;
			files = (
			);
			inputPaths = (
				"${SRCROOT}/Pods/Target Support Files/Pods-MapImplementation/Pods-MapImplementation-frameworks.sh",
				"${BUILT_PRODUCTS_DIR}/Alamofire/Alamofire.framework",
				"${BUILT_PRODUCTS_DIR}/AlamofireImage/AlamofireImage.framework",
			);
			name = "[CP] Embed Pods Frameworks";
			outputPaths = (
				"${TARGET_BUILD_DIR}/${FRAMEWORKS_FOLDER_PATH}/Alamofire.framework",
				"${TARGET_BUILD_DIR}/${FRAMEWORKS_FOLDER_PATH}/AlamofireImage.framework",
			);
			runOnlyForDeploymentPostprocessing = 0;
			shellPath = /bin/sh;
			shellScript = "\"${SRCROOT}/Pods/Target Support Files/Pods-MapImplementation/Pods-MapImplementation-frameworks.sh\"\n";
			showEnvVarsInLog = 0;
		};
		930A50D26AC3FB4C2666F1DD /* [CP] Check Pods Manifest.lock */ = {
			isa = PBXShellScriptBuildPhase;
			buildActionMask = 2147483647;
			files = (
			);
			inputPaths = (
				"${PODS_PODFILE_DIR_PATH}/Podfile.lock",
				"${PODS_ROOT}/Manifest.lock",
			);
			name = "[CP] Check Pods Manifest.lock";
			outputPaths = (
				"$(DERIVED_FILE_DIR)/Pods-MapImplementation-checkManifestLockResult.txt",
			);
			runOnlyForDeploymentPostprocessing = 0;
			shellPath = /bin/sh;
			shellScript = "diff \"${PODS_PODFILE_DIR_PATH}/Podfile.lock\" \"${PODS_ROOT}/Manifest.lock\" > /dev/null\nif [ $? != 0 ] ; then\n    # print error to STDERR\n    echo \"error: The sandbox is not in sync with the Podfile.lock. Run 'pod install' or update your CocoaPods installation.\" >&2\n    exit 1\nfi\n# This output is used by Xcode 'outputs' to avoid re-running this script phase.\necho \"SUCCESS\" > \"${SCRIPT_OUTPUT_FILE_0}\"\n";
			showEnvVarsInLog = 0;
		};
		E5DB1712C26A11B517E017D9 /* [CP] Copy Pods Resources */ = {
			isa = PBXShellScriptBuildPhase;
			buildActionMask = 2147483647;
			files = (
			);
			inputPaths = (
			);
			name = "[CP] Copy Pods Resources";
			outputPaths = (
			);
			runOnlyForDeploymentPostprocessing = 0;
			shellPath = /bin/sh;
			shellScript = "\"${SRCROOT}/Pods/Target Support Files/Pods-MapImplementation/Pods-MapImplementation-resources.sh\"\n";
			showEnvVarsInLog = 0;
		};
/* End PBXShellScriptBuildPhase section */

/* Begin PBXSourcesBuildPhase section */
		EB85AD5B1F7122C2002958CF /* Sources */ = {
			isa = PBXSourcesBuildPhase;
			buildActionMask = 2147483647;
			files = (
				EB719B771F71A41300C38B9E /* PopVC.swift in Sources */,
				EB719B7B1F71BDCE00C38B9E /* CollectionViewToDisplayPhoto.swift in Sources */,
				EB85AD651F7122C2002958CF /* MapVC.swift in Sources */,
				EB719B791F71BD8200C38B9E /* 3DForceTouchToPreviewPhoto.swift in Sources */,
				EB719B731F71715200C38B9E /* Constant.swift in Sources */,
				EB719B701F71655400C38B9E /* DroppablePin.swift in Sources */,
				EB719B7D1F71BE8A00C38B9E /* LocationServiceAuthorizationAndCenterMap.swift in Sources */,
				EB719B7F1F71BF0500C38B9E /* HandleDisplayAndDataOfMapView.swift in Sources */,
				EB85AD631F7122C2002958CF /* AppDelegate.swift in Sources */,
			);
			runOnlyForDeploymentPostprocessing = 0;
		};
/* End PBXSourcesBuildPhase section */

/* Begin PBXVariantGroup section */
		EB85AD661F7122C2002958CF /* Main.storyboard */ = {
			isa = PBXVariantGroup;
			children = (
				EB85AD671F7122C2002958CF /* Base */,
			);
			name = Main.storyboard;
			sourceTree = "<group>";
		};
		EB85AD6B1F7122C2002958CF /* LaunchScreen.storyboard */ = {
			isa = PBXVariantGroup;
			children = (
				EB85AD6C1F7122C2002958CF /* Base */,
			);
			name = LaunchScreen.storyboard;
			sourceTree = "<group>";
		};
/* End PBXVariantGroup section */

/* Begin XCBuildConfiguration section */
		EB85AD6F1F7122C2002958CF /* Debug */ = {
			isa = XCBuildConfiguration;
			buildSettings = {
				ALWAYS_SEARCH_USER_PATHS = NO;
				CLANG_ANALYZER_NONNULL = YES;
				CLANG_ANALYZER_NUMBER_OBJECT_CONVERSION = YES_AGGRESSIVE;
				CLANG_CXX_LANGUAGE_STANDARD = "gnu++0x";
				CLANG_CXX_LIBRARY = "libc++";
				CLANG_ENABLE_MODULES = YES;
				CLANG_ENABLE_OBJC_ARC = YES;
				CLANG_WARN_BOOL_CONVERSION = YES;
				CLANG_WARN_CONSTANT_CONVERSION = YES;
				CLANG_WARN_DIRECT_OBJC_ISA_USAGE = YES_ERROR;
				CLANG_WARN_DOCUMENTATION_COMMENTS = YES;
				CLANG_WARN_EMPTY_BODY = YES;
				CLANG_WARN_ENUM_CONVERSION = YES;
				CLANG_WARN_INFINITE_RECURSION = YES;
				CLANG_WARN_INT_CONVERSION = YES;
				CLANG_WARN_OBJC_ROOT_CLASS = YES_ERROR;
				CLANG_WARN_SUSPICIOUS_MOVE = YES;
				CLANG_WARN_UNREACHABLE_CODE = YES;
				CLANG_WARN__DUPLICATE_METHOD_MATCH = YES;
				"CODE_SIGN_IDENTITY[sdk=iphoneos*]" = "iPhone Developer";
				COPY_PHASE_STRIP = NO;
				DEBUG_INFORMATION_FORMAT = dwarf;
				ENABLE_STRICT_OBJC_MSGSEND = YES;
				ENABLE_TESTABILITY = YES;
				GCC_C_LANGUAGE_STANDARD = gnu99;
				GCC_DYNAMIC_NO_PIC = NO;
				GCC_NO_COMMON_BLOCKS = YES;
				GCC_OPTIMIZATION_LEVEL = 0;
				GCC_PREPROCESSOR_DEFINITIONS = (
					"DEBUG=1",
					"$(inherited)",
				);
				GCC_WARN_64_TO_32_BIT_CONVERSION = YES;
				GCC_WARN_ABOUT_RETURN_TYPE = YES_ERROR;
				GCC_WARN_UNDECLARED_SELECTOR = YES;
				GCC_WARN_UNINITIALIZED_AUTOS = YES_AGGRESSIVE;
				GCC_WARN_UNUSED_FUNCTION = YES;
				GCC_WARN_UNUSED_VARIABLE = YES;
				IPHONEOS_DEPLOYMENT_TARGET = 10.3;
				MTL_ENABLE_DEBUG_INFO = YES;
				ONLY_ACTIVE_ARCH = YES;
				SDKROOT = iphoneos;
				SWIFT_ACTIVE_COMPILATION_CONDITIONS = DEBUG;
				SWIFT_OPTIMIZATION_LEVEL = "-Onone";
				TARGETED_DEVICE_FAMILY = "1,2";
			};
			name = Debug;
		};
		EB85AD701F7122C2002958CF /* Release */ = {
			isa = XCBuildConfiguration;
			buildSettings = {
				ALWAYS_SEARCH_USER_PATHS = NO;
				CLANG_ANALYZER_NONNULL = YES;
				CLANG_ANALYZER_NUMBER_OBJECT_CONVERSION = YES_AGGRESSIVE;
				CLANG_CXX_LANGUAGE_STANDARD = "gnu++0x";
				CLANG_CXX_LIBRARY = "libc++";
				CLANG_ENABLE_MODULES = YES;
				CLANG_ENABLE_OBJC_ARC = YES;
				CLANG_WARN_BOOL_CONVERSION = YES;
				CLANG_WARN_CONSTANT_CONVERSION = YES;
				CLANG_WARN_DIRECT_OBJC_ISA_USAGE = YES_ERROR;
				CLANG_WARN_DOCUMENTATION_COMMENTS = YES;
				CLANG_WARN_EMPTY_BODY = YES;
				CLANG_WARN_ENUM_CONVERSION = YES;
				CLANG_WARN_INFINITE_RECURSION = YES;
				CLANG_WARN_INT_CONVERSION = YES;
				CLANG_WARN_OBJC_ROOT_CLASS = YES_ERROR;
				CLANG_WARN_SUSPICIOUS_MOVE = YES;
				CLANG_WARN_UNREACHABLE_CODE = YES;
				CLANG_WARN__DUPLICATE_METHOD_MATCH = YES;
				"CODE_SIGN_IDENTITY[sdk=iphoneos*]" = "iPhone Developer";
				COPY_PHASE_STRIP = NO;
				DEBUG_INFORMATION_FORMAT = "dwarf-with-dsym";
				ENABLE_NS_ASSERTIONS = NO;
				ENABLE_STRICT_OBJC_MSGSEND = YES;
				GCC_C_LANGUAGE_STANDARD = gnu99;
				GCC_NO_COMMON_BLOCKS = YES;
				GCC_WARN_64_TO_32_BIT_CONVERSION = YES;
				GCC_WARN_ABOUT_RETURN_TYPE = YES_ERROR;
				GCC_WARN_UNDECLARED_SELECTOR = YES;
				GCC_WARN_UNINITIALIZED_AUTOS = YES_AGGRESSIVE;
				GCC_WARN_UNUSED_FUNCTION = YES;
				GCC_WARN_UNUSED_VARIABLE = YES;
				IPHONEOS_DEPLOYMENT_TARGET = 10.3;
				MTL_ENABLE_DEBUG_INFO = NO;
				SDKROOT = iphoneos;
				SWIFT_OPTIMIZATION_LEVEL = "-Owholemodule";
				TARGETED_DEVICE_FAMILY = "1,2";
				VALIDATE_PRODUCT = YES;
			};
			name = Release;
		};
		EB85AD721F7122C2002958CF /* Debug */ = {
			isa = XCBuildConfiguration;
			baseConfigurationReference = 9801DACFA2F38EBAF432F266 /* Pods-MapImplementation.debug.xcconfig */;
			buildSettings = {
				ASSETCATALOG_COMPILER_APPICON_NAME = AppIcon;
				INFOPLIST_FILE = MapImplementation/Info.plist;
				LD_RUNPATH_SEARCH_PATHS = "$(inherited) @executable_path/Frameworks";
				PRODUCT_BUNDLE_IDENTIFIER = Staham.MapImplementation;
				PRODUCT_NAME = "$(TARGET_NAME)";
				SWIFT_VERSION = 3.0;
			};
			name = Debug;
		};
		EB85AD731F7122C2002958CF /* Release */ = {
			isa = XCBuildConfiguration;
			baseConfigurationReference = BCC8F3B259FD0D8A35603C2B /* Pods-MapImplementation.release.xcconfig */;
			buildSettings = {
				ASSETCATALOG_COMPILER_APPICON_NAME = AppIcon;
				INFOPLIST_FILE = MapImplementation/Info.plist;
				LD_RUNPATH_SEARCH_PATHS = "$(inherited) @executable_path/Frameworks";
				PRODUCT_BUNDLE_IDENTIFIER = Staham.MapImplementation;
				PRODUCT_NAME = "$(TARGET_NAME)";
				SWIFT_VERSION = 3.0;
			};
			name = Release;
		};
/* End XCBuildConfiguration section */

/* Begin XCConfigurationList section */
		EB85AD5A1F7122C1002958CF /* Build configuration list for PBXProject "MapImplementation" */ = {
			isa = XCConfigurationList;
			buildConfigurations = (
				EB85AD6F1F7122C2002958CF /* Debug */,
				EB85AD701F7122C2002958CF /* Release */,
			);
			defaultConfigurationIsVisible = 0;
			defaultConfigurationName = Release;
		};
		EB85AD711F7122C2002958CF /* Build configuration list for PBXNativeTarget "MapImplementation" */ = {
			isa = XCConfigurationList;
			buildConfigurations = (
				EB85AD721F7122C2002958CF /* Debug */,
				EB85AD731F7122C2002958CF /* Release */,
			);
			defaultConfigurationIsVisible = 0;
			defaultConfigurationName = Release;
		};
/* End XCConfigurationList section */
	};
	rootObject = EB85AD571F7122C1002958CF /* Project object */;
}
